
Microsoft Visual Studio Solution File, Format Version 12.00
# Visual Studio Version 17
VisualStudioVersion = 17.4.33122.133
MinimumVisualStudioVersion = 10.0.40219.1
Project("{FAE04EC0-301F-11D3-BF4B-00C04F79EFBC}") = "Testing_3", "Testing_3.csproj", "{329425D4-C3DA-49F6-8CCD-16F3CA695975}"
EndProject
Global
	GlobalSection(SolutionConfigurationPlatforms) = preSolution
		Debug|Any CPU = Debug|Any CPU
		Release|Any CPU = Release|Any CPU
	EndGlobalSection
	GlobalSection(ProjectConfigurationPlatforms) = postSolution
		{329425D4-C3DA-49F6-8CCD-16F3CA695975}.Debug|Any CPU.ActiveCfg = Debug|Any CPU
		{329425D4-C3DA-49F6-8CCD-16F3CA695975}.Debug|Any CPU.Build.0 = Debug|Any CPU
		{329425D4-C3DA-49F6-8CCD-16F3CA695975}.Release|Any CPU.ActiveCfg = Release|Any CPU
		{329425D4-C3DA-49F6-8CCD-16F3CA695975}.Release|Any CPU.Build.0 = Release|Any CPU
	EndGlobalSection
	GlobalSection(SolutionProperties) = preSolution
		HideSolutionNode = FALSE
	EndGlobalSection
	GlobalSection(ExtensibilityGlobals) = postSolution
		SolutionGuid = {9BC2E8EB-536E-4DE7-AF4F-A9B9EEC64724}
	EndGlobalSection
EndGlobal
